
Microsoft Visual Studio Solution File, Format Version 12.00
# Visual Studio Version 17
VisualStudioVersion = 17.2.32616.157
MinimumVisualStudioVersion = 10.0.40219.1
Project("{888888A0-9F3D-457C-B088-3A5042F75D52}") = "PracticeDeepLearning", "PracticeDeepLearning.pyproj", "{2EB14641-C30E-4ED6-AB47-DDBDD42F3333}"
EndProject
Global
	GlobalSection(SolutionConfigurationPlatforms) = preSolution
		Debug|Any CPU = Debug|Any CPU
		Release|Any CPU = Release|Any CPU
	EndGlobalSection
	GlobalSection(ProjectConfigurationPlatforms) = postSolution
		{2EB14641-C30E-4ED6-AB47-DDBDD42F3333}.Debug|Any CPU.ActiveCfg = Debug|Any CPU
		{2EB14641-C30E-4ED6-AB47-DDBDD42F3333}.Release|Any CPU.ActiveCfg = Release|Any CPU
	EndGlobalSection
	GlobalSection(SolutionProperties) = preSolution
		HideSolutionNode = FALSE
	EndGlobalSection
	GlobalSection(ExtensibilityGlobals) = postSolution
		SolutionGuid = {6E381DB8-D0CB-4944-BEC6-0AF7878AB9C5}
	EndGlobalSection
EndGlobal
